{
  "name": "create-repofolio",
  "version": "1.0.0",
  "lockfileVersion": 3,
  "requires": true,
  "packages": {
    "": {
      "name": "create-repofolio",
      "version": "1.0.0",
      "license": "MIT",
      "dependencies": {
        "@clack/prompts": "^1.5.1",
        "degit": "^2.8.4",
        "picocolors": "^1.1.1"
      },
      "bin": {
        "create-repofolio": "dist/index.js"
      },
      "devDependencies": {
        "@types/degit": "^2.8.6",
        "@types/node": "^20.0.0",
        "typescript": "^5.0.0"
      }
    },
    "node_modules/@clack/core": {
      "version": "1.4.1",
      "resolved": "https://registry.npmjs.org/@clack/core/-/core-1.4.1.tgz",
      "integrity": "sha512-FILJa1gGKEFTGZAJE9RpVhrjKz3c3h4ar60dSv6cGuDqufQ84YEIS3GAGvZiN+H6yaLbbvTFNejjCC4tXpZEuw==",
      "license": "MIT",
      "dependencies": {
        "fast-wrap-ansi": "^0.2.0",
        "sisteransi": "^1.0.5"
      },
      "engines": {
        "node": ">= 20.12.0"
      }
    },
    "node_modules/@clack/prompts": {
      "version": "1.5.1",
      "resolved": "https://registry.npmjs.org/@clack/prompts/-/prompts-1.5.1.tgz",
      "integrity": "sha512-zccHj2z2oCCO4yrDiRSlFOxWerGqRiysP7a5jPK6uoI9URKAquwY42Dd/iUP8JWHxEzdRe4TlbvZCo8z1/mhrw==",
      "license": "MIT",
      "dependencies": {
        "@clack/core": "1.4.1",
        "fast-string-width": "^3.0.2",
        "fast-wrap-ansi": "^0.2.0",
        "sisteransi": "^1.0.5"
      },
      "engines": {
        "node": ">= 20.12.0"
      }
    },
    "node_modules/@types/degit": {
      "version": "2.8.6",
      "resolved": "https://registry.npmjs.org/@types/degit/-/degit-2.8.6.tgz",
      "integrity": "sha512-y0M7sqzsnHB6cvAeTCBPrCQNQiZe8U4qdzf8uBVmOWYap5MMTN/gB2iEqrIqFiYcsyvP74GnGD5tgsHttielFw==",
      "dev": true,
      "license": "MIT"
    },
    "node_modules/@types/node": {
      "version": "20.19.41",
      "resolved": "https://registry.npmjs.org/@types/node/-/node-20.19.41.tgz",
      "integrity": "sha512-ECymXOukMnOoVkC2bb1Vc/w/836DXncOg5m8Xj1RH7xSHZJWNYY6Zh7EH477vcnD5egKNNfy2RpNOmuChhFPgQ==",
      "dev": true,
      "license": "MIT",
      "dependencies": {
        "undici-types": "~6.21.0"
      }
    },
    "node_modules/degit": {
      "version": "2.8.5",
      "resolved": "https://registry.npmjs.org/degit/-/degit-2.8.5.tgz",
      "integrity": "sha512-n5OerpHyPJI7J+NsYsIrb+AZlV63NaY4iMidkOzfqYpS4DBnghS0Ta0Nf6C0sgBn8QRovpBN/dY6tlksrReabA==",
      "license": "MIT",
      "bin": {
        "degit": "degit"
      },
      "engines": {
        "node": ">=8.0.0"
      }
    },
    "node_modules/fast-string-truncated-width": {
      "version": "3.0.3",
      "resolved": "https://registry.npmjs.org/fast-string-truncated-width/-/fast-string-truncated-width-3.0.3.tgz",
      "integrity": "sha512-0jjjIEL6+0jag3l2XWWizO64/aZVtpiGE3t0Zgqxv0DPuxiMjvB3M24fCyhZUO4KomJQPj3LTSUnDP3GpdwC0g==",
      "license": "MIT"
    },
    "node_modules/fast-string-width": {
      "version": "3.0.2",
      "resolved": "https://registry.npmjs.org/fast-string-width/-/fast-string-width-3.0.2.tgz",
      "integrity": "sha512-gX8LrtNEI5hq8DVUfRQMbr5lpaS4nMIWV+7XEbXk2b8kiQIizgnlr12B4dA3ZEx3308ze0O4Q1R+cHts8kyUJg==",
      "license": "MIT",
      "dependencies": {
        "fast-string-truncated-width": "^3.0.2"
      }
    },
    "node_modules/fast-wrap-ansi": {
      "version": "0.2.2",
      "resolved": "https://registry.npmjs.org/fast-wrap-ansi/-/fast-wrap-ansi-0.2.2.tgz",
      "integrity": "sha512-7F2Fl+TjRSenLqlU3UjSH0iyqopqoZIu7eZVpEirP2g1GtWa2G/ecEmBdgz31+Mxr+ELclgg6sokpSFIQiZ02Q==",
      "license": "MIT",
      "dependencies": {
        "fast-string-width": "^3.0.2"
      }
    },
    "node_modules/picocolors": {
      "version": "1.1.1",
      "resolved": "https://registry.npmjs.org/picocolors/-/picocolors-1.1.1.tgz",
      "integrity": "sha512-xceH2snhtb5M9liqDsmEw56le376mTZkEX/jEb/RxNFyegNul7eNslCXP9FDj/Lcu0X8KEyMceP2ntpaHrDEVA==",
      "license": "ISC"
    },
    "node_modules/sisteransi": {
      "version": "1.0.5",
      "resolved": "https://registry.npmjs.org/sisteransi/-/sisteransi-1.0.5.tgz",
      "integrity": "sha512-bLGGlR1QxBcynn2d5YmDX4MGjlZvy2MRBDRNHLJ8VI6l6+9FUiyTFNJ0IveOSP0bcXgVDPRcfGqA0pjaqUpfVg==",
      "license": "MIT"
    },
    "node_modules/typescript": {
      "version": "5.9.3",
      "resolved": "https://registry.npmjs.org/typescript/-/typescript-5.9.3.tgz",
      "integrity": "sha512-jl1vZzPDinLr9eUt3J/t7V6FgNEw9QjvBPdysz9KfQDD41fQrC2Y4vKQdiaUpFT4bXlb1RHhLpp8wtm6M5TgSw==",
      "dev": true,
      "license": "Apache-2.0",
      "bin": {
        "tsc": "bin/tsc",
        "tsserver": "bin/tsserver"
      },
      "engines": {
        "node": ">=14.17"
      }
    },
    "node_modules/undici-types": {
      "version": "6.21.0",
      "resolved": "https://registry.npmjs.org/undici-types/-/undici-types-6.21.0.tgz",
      "integrity": "sha512-iwDZqg0QAGrg9Rav5H4n0M64c3mkR59cJ6wQp+7C4nI0gsmExaedaYLNO44eT4AtBBwjbTiGPMlt2Md0T9H9JQ==",
      "dev": true,
      "license": "MIT"
    }
  }
}
